
Microsoft Visual Studio Solution File, Format Version 12.00
# Visual Studio 15
VisualStudioVersion = 15.0.27130.2010
MinimumVisualStudioVersion = 10.0.40219.1
Project("{FAE04EC0-301F-11D3-BF4B-00C04F79EFBC}") = "TreeListForm", "TreeListForm\TreeListForm.csproj", "{054F6AE5-B73B-4175-9785-CD1850C88B66}"
EndProject
Project("{FAE04EC0-301F-11D3-BF4B-00C04F79EFBC}") = "PrintPOC", "PrintPOC\PrintPOC.csproj", "{131F7CD2-A2CB-4079-9AC0-F1AE7E8B28FE}"
EndProject
Project("{FAE04EC0-301F-11D3-BF4B-00C04F79EFBC}") = "TreeListTest", "TreeListTest\TreeListTest.csproj", "{A8CA7D1E-C6E0-4AE4-AC36-3ACCF9EBF8C2}"
EndProject
Project("{FAE04EC0-301F-11D3-BF4B-00C04F79EFBC}") = "DataSetTest", "DataSetTest\DataSetTest.csproj", "{BD72F028-F6AF-4569-B7B3-087065D77442}"
EndProject
Project("{FAE04EC0-301F-11D3-BF4B-00C04F79EFBC}") = "Z900", "DXApplication2\Z900\Z900.csproj", "{F1AC6C0B-1DA5-46D3-92DB-B6819C1ECAFE}"
EndProject
Project("{FAE04EC0-301F-11D3-BF4B-00C04F79EFBC}") = "AQBTest", "AQBTest\AQBTest.csproj", "{9D2CF52A-415C-4ABD-A6A2-7DB340D6151A}"
EndProject
Project("{FAE04EC0-301F-11D3-BF4B-00C04F79EFBC}") = "MainEntryPoint", "DXApplication3\MainEntryPoint\MainEntryPoint.csproj", "{9C0001DD-6E87-4FDC-A17E-58D56C0A223D}"
EndProject
Global
	GlobalSection(SolutionConfigurationPlatforms) = preSolution
		Debug|Any CPU = Debug|Any CPU
		Release|Any CPU = Release|Any CPU
	EndGlobalSection
	GlobalSection(ProjectConfigurationPlatforms) = postSolution
		{054F6AE5-B73B-4175-9785-CD1850C88B66}.Debug|Any CPU.ActiveCfg = Debug|Any CPU
		{054F6AE5-B73B-4175-9785-CD1850C88B66}.Debug|Any CPU.Build.0 = Debug|Any CPU
		{054F6AE5-B73B-4175-9785-CD1850C88B66}.Release|Any CPU.ActiveCfg = Release|Any CPU
		{054F6AE5-B73B-4175-9785-CD1850C88B66}.Release|Any CPU.Build.0 = Release|Any CPU
		{131F7CD2-A2CB-4079-9AC0-F1AE7E8B28FE}.Debug|Any CPU.ActiveCfg = Debug|Any CPU
		{131F7CD2-A2CB-4079-9AC0-F1AE7E8B28FE}.Debug|Any CPU.Build.0 = Debug|Any CPU
		{131F7CD2-A2CB-4079-9AC0-F1AE7E8B28FE}.Release|Any CPU.ActiveCfg = Release|Any CPU
		{131F7CD2-A2CB-4079-9AC0-F1AE7E8B28FE}.Release|Any CPU.Build.0 = Release|Any CPU
		{A8CA7D1E-C6E0-4AE4-AC36-3ACCF9EBF8C2}.Debug|Any CPU.ActiveCfg = Debug|Any CPU
		{A8CA7D1E-C6E0-4AE4-AC36-3ACCF9EBF8C2}.Debug|Any CPU.Build.0 = Debug|Any CPU
		{A8CA7D1E-C6E0-4AE4-AC36-3ACCF9EBF8C2}.Release|Any CPU.ActiveCfg = Release|Any CPU
		{A8CA7D1E-C6E0-4AE4-AC36-3ACCF9EBF8C2}.Release|Any CPU.Build.0 = Release|Any CPU
		{BD72F028-F6AF-4569-B7B3-087065D77442}.Debug|Any CPU.ActiveCfg = Debug|Any CPU
		{BD72F028-F6AF-4569-B7B3-087065D77442}.Debug|Any CPU.Build.0 = Debug|Any CPU
		{BD72F028-F6AF-4569-B7B3-087065D77442}.Release|Any CPU.ActiveCfg = Release|Any CPU
		{BD72F028-F6AF-4569-B7B3-087065D77442}.Release|Any CPU.Build.0 = Release|Any CPU
		{F1AC6C0B-1DA5-46D3-92DB-B6819C1ECAFE}.Debug|Any CPU.ActiveCfg = Debug|Any CPU
		{F1AC6C0B-1DA5-46D3-92DB-B6819C1ECAFE}.Debug|Any CPU.Build.0 = Debug|Any CPU
		{F1AC6C0B-1DA5-46D3-92DB-B6819C1ECAFE}.Release|Any CPU.ActiveCfg = Release|Any CPU
		{F1AC6C0B-1DA5-46D3-92DB-B6819C1ECAFE}.Release|Any CPU.Build.0 = Release|Any CPU
		{9D2CF52A-415C-4ABD-A6A2-7DB340D6151A}.Debug|Any CPU.ActiveCfg = Debug|Any CPU
		{9D2CF52A-415C-4ABD-A6A2-7DB340D6151A}.Debug|Any CPU.Build.0 = Debug|Any CPU
		{9D2CF52A-415C-4ABD-A6A2-7DB340D6151A}.Release|Any CPU.ActiveCfg = Release|Any CPU
		{9D2CF52A-415C-4ABD-A6A2-7DB340D6151A}.Release|Any CPU.Build.0 = Release|Any CPU
		{9C0001DD-6E87-4FDC-A17E-58D56C0A223D}.Debug|Any CPU.ActiveCfg = Debug|Any CPU
		{9C0001DD-6E87-4FDC-A17E-58D56C0A223D}.Debug|Any CPU.Build.0 = Debug|Any CPU
		{9C0001DD-6E87-4FDC-A17E-58D56C0A223D}.Release|Any CPU.ActiveCfg = Release|Any CPU
		{9C0001DD-6E87-4FDC-A17E-58D56C0A223D}.Release|Any CPU.Build.0 = Release|Any CPU
	EndGlobalSection
	GlobalSection(SolutionProperties) = preSolution
		HideSolutionNode = FALSE
	EndGlobalSection
	GlobalSection(ExtensibilityGlobals) = postSolution
		SolutionGuid = {1AC8BE29-63A7-4E77-93BB-743D0652271C}
	EndGlobalSection
EndGlobal
